
Microsoft Visual Studio Solution File, Format Version 12.00
# Visual Studio Version 17
VisualStudioVersion = 17.2.32616.157
MinimumVisualStudioVersion = 10.0.40219.1
Project("{FAE04EC0-301F-11D3-BF4B-00C04F79EFBC}") = "flawless", "flawless.csproj", "{3C75126F-6EF3-4295-A952-FCC2EC7E866C}"
EndProject
Global
	GlobalSection(SolutionConfigurationPlatforms) = preSolution
		Debug|Any CPU = Debug|Any CPU
		Release|Any CPU = Release|Any CPU
	EndGlobalSection
	GlobalSection(ProjectConfigurationPlatforms) = postSolution
		{3C75126F-6EF3-4295-A952-FCC2EC7E866C}.Debug|Any CPU.ActiveCfg = Debug|Any CPU
		{3C75126F-6EF3-4295-A952-FCC2EC7E866C}.Debug|Any CPU.Build.0 = Debug|Any CPU
		{3C75126F-6EF3-4295-A952-FCC2EC7E866C}.Release|Any CPU.ActiveCfg = Release|Any CPU
		{3C75126F-6EF3-4295-A952-FCC2EC7E866C}.Release|Any CPU.Build.0 = Release|Any CPU
	EndGlobalSection
	GlobalSection(SolutionProperties) = preSolution
		HideSolutionNode = FALSE
	EndGlobalSection
	GlobalSection(ExtensibilityGlobals) = postSolution
		SolutionGuid = {F649F5F5-55A2-412F-A5CA-A409E537E53F}
	EndGlobalSection
EndGlobal
